
Microsoft Visual Studio Solution File, Format Version 12.00
# Visual Studio Version 16
VisualStudioVersion = 16.0.29613.14
MinimumVisualStudioVersion = 10.0.40219.1
Project("{FAE04EC0-301F-11D3-BF4B-00C04F79EFBC}") = "Lab3MMS", "Lab3MMS.csproj", "{F4786C8D-4979-40F0-A01B-ED10312C1E02}"
EndProject
Global
	GlobalSection(SolutionConfigurationPlatforms) = preSolution
		Debug|Any CPU = Debug|Any CPU
		Release|Any CPU = Release|Any CPU
	EndGlobalSection
	GlobalSection(ProjectConfigurationPlatforms) = postSolution
		{F4786C8D-4979-40F0-A01B-ED10312C1E02}.Debug|Any CPU.ActiveCfg = Debug|Any CPU
		{F4786C8D-4979-40F0-A01B-ED10312C1E02}.Debug|Any CPU.Build.0 = Debug|Any CPU
		{F4786C8D-4979-40F0-A01B-ED10312C1E02}.Release|Any CPU.ActiveCfg = Release|Any CPU
		{F4786C8D-4979-40F0-A01B-ED10312C1E02}.Release|Any CPU.Build.0 = Release|Any CPU
	EndGlobalSection
	GlobalSection(SolutionProperties) = preSolution
		HideSolutionNode = FALSE
	EndGlobalSection
	GlobalSection(ExtensibilityGlobals) = postSolution
		SolutionGuid = {C136D611-492E-47D2-9485-BF27E195636B}
	EndGlobalSection
EndGlobal
